
Microsoft Visual Studio Solution File, Format Version 12.00
# Visual Studio Version 16
VisualStudioVersion = 16.0.30717.126
MinimumVisualStudioVersion = 10.0.40219.1
Project("{FAE04EC0-301F-11D3-BF4B-00C04F79EFBC}") = "Calories", "Calories\Calories.csproj", "{CA6D91F5-406E-4FA6-8D58-C5B0E7264DF2}"
EndProject
Global
	GlobalSection(SolutionConfigurationPlatforms) = preSolution
		Debug|Any CPU = Debug|Any CPU
		Release|Any CPU = Release|Any CPU
	EndGlobalSection
	GlobalSection(ProjectConfigurationPlatforms) = postSolution
		{CA6D91F5-406E-4FA6-8D58-C5B0E7264DF2}.Debug|Any CPU.ActiveCfg = Debug|Any CPU
		{CA6D91F5-406E-4FA6-8D58-C5B0E7264DF2}.Debug|Any CPU.Build.0 = Debug|Any CPU
		{CA6D91F5-406E-4FA6-8D58-C5B0E7264DF2}.Release|Any CPU.ActiveCfg = Release|Any CPU
		{CA6D91F5-406E-4FA6-8D58-C5B0E7264DF2}.Release|Any CPU.Build.0 = Release|Any CPU
	EndGlobalSection
	GlobalSection(SolutionProperties) = preSolution
		HideSolutionNode = FALSE
	EndGlobalSection
	GlobalSection(ExtensibilityGlobals) = postSolution
		SolutionGuid = {A85E85B5-3E42-4413-8858-3FA6E2B5F050}
	EndGlobalSection
EndGlobal
